
Microsoft Visual Studio Solution File, Format Version 12.00
# Visual Studio Version 16
VisualStudioVersion = 16.0.29926.136
MinimumVisualStudioVersion = 10.0.40219.1
Project("{8BC9CEB8-8B4A-11D0-8D11-00A0C91BC942}") = "Sandbox", "Sandbox\Sandbox.vcxproj", "{6B625441-4208-4723-BECF-EA7A228B35DE}"
EndProject
Project("{8BC9CEB8-8B4A-11D0-8D11-00A0C91BC942}") = "Neo", "Neo\Neo.vcxproj", "{053C553F-90D9-48F3-BBEA-DE7E219C8A1A}"
EndProject
Global
	GlobalSection(SolutionConfigurationPlatforms) = preSolution
		Debug|x64 = Debug|x64
		Release|x64 = Release|x64
	EndGlobalSection
	GlobalSection(ProjectConfigurationPlatforms) = postSolution
		{053C553F-90D9-48F3-BBEA-DE7E219C8A1A}.Debug|x64.ActiveCfg = Debug|x64
		{053C553F-90D9-48F3-BBEA-DE7E219C8A1A}.Debug|x64.Build.0 = Debug|x64
		{053C553F-90D9-48F3-BBEA-DE7E219C8A1A}.Release|x64.ActiveCfg = Release|x64
		{053C553F-90D9-48F3-BBEA-DE7E219C8A1A}.Release|x64.Build.0 = Release|x64
		{6B625441-4208-4723-BECF-EA7A228B35DE}.Debug|x64.ActiveCfg = Debug|x64
		{6B625441-4208-4723-BECF-EA7A228B35DE}.Debug|x64.Build.0 = Debug|x64
		{6B625441-4208-4723-BECF-EA7A228B35DE}.Release|x64.ActiveCfg = Release|x64
		{6B625441-4208-4723-BECF-EA7A228B35DE}.Release|x64.Build.0 = Release|x64
	EndGlobalSection
	GlobalSection(SolutionProperties) = preSolution
		HideSolutionNode = FALSE
	EndGlobalSection
	GlobalSection(ExtensibilityGlobals) = postSolution
		SolutionGuid = {27A21539-5B84-459D-8100-E206765789A0}
	EndGlobalSection
EndGlobal
